// !$*UTF8*$!
{
	archiveVersion = 1;
	classes = {
	};
	objectVersion = 56;
	objects = {

/* Begin PBXBuildFile section */
		2A832D6D29FC483E00894E95 /* RosettaBoyApp.swift in Sources */ = {isa = PBXBuildFile; fileRef = 2A832D6C29FC483E00894E95 /* RosettaBoyApp.swift */; };
		2A832D6F29FC483E00894E95 /* ContentView.swift in Sources */ = {isa = PBXBuildFile; fileRef = 2A832D6E29FC483E00894E95 /* ContentView.swift */; };
		2A832D7129FC483F00894E95 /* Assets.xcassets in Resources */ = {isa = PBXBuildFile; fileRef = 2A832D7029FC483F00894E95 /* Assets.xcassets */; };
		2A832D7529FC483F00894E95 /* Preview Assets.xcassets in Resources */ = {isa = PBXBuildFile; fileRef = 2A832D7429FC483F00894E95 /* Preview Assets.xcassets */; };
		2A832D9929FC486900894E95 /* CPU.swift in Sources */ = {isa = PBXBuildFile; fileRef = 2A832D9829FC486900894E95 /* CPU.swift */; };
		2A832D9B29FC489B00894E95 /* CPUTests.swift in Sources */ = {isa = PBXBuildFile; fileRef = 2A832D9A29FC489B00894E95 /* CPUTests.swift */; };
/* End PBXBuildFile section */

/* Begin PBXContainerItemProxy section */
		2A832D7B29FC483F00894E95 /* PBXContainerItemProxy */ = {
			isa = PBXContainerItemProxy;
			containerPortal = 2A832D6129FC483E00894E95 /* Project object */;
			proxyType = 1;
			remoteGlobalIDString = 2A832D6829FC483E00894E95;
			remoteInfo = RosettaBoy;
		};
/* End PBXContainerItemProxy section */

/* Begin PBXFileReference section */
		2A832D6929FC483E00894E95 /* RosettaBoy.app */ = {isa = PBXFileReference; explicitFileType = wrapper.application; includeInIndex = 0; path = RosettaBoy.app; sourceTree = BUILT_PRODUCTS_DIR; };
		2A832D6C29FC483E00894E95 /* RosettaBoyApp.swift */ = {isa = PBXFileReference; lastKnownFileType = sourcecode.swift; path = RosettaBoyApp.swift; sourceTree = "<group>"; };
		2A832D6E29FC483E00894E95 /* ContentView.swift */ = {isa = PBXFileReference; lastKnownFileType = sourcecode.swift; path = ContentView.swift; sourceTree = "<group>"; };
		2A832D7029FC483F00894E95 /* Assets.xcassets */ = {isa = PBXFileReference; lastKnownFileType = folder.assetcatalog; path = Assets.xcassets; sourceTree = "<group>"; };
		2A832D7229FC483F00894E95 /* RosettaBoy.entitlements */ = {isa = PBXFileReference; lastKnownFileType = text.plist.entitlements; path = RosettaBoy.entitlements; sourceTree = "<group>"; };
		2A832D7429FC483F00894E95 /* Preview Assets.xcassets */ = {isa = PBXFileReference; lastKnownFileType = folder.assetcatalog; path = "Preview Assets.xcassets"; sourceTree = "<group>"; };
		2A832D7A29FC483F00894E95 /* RosettaBoyTests.xctest */ = {isa = PBXFileReference; explicitFileType = wrapper.cfbundle; includeInIndex = 0; path = RosettaBoyTests.xctest; sourceTree = BUILT_PRODUCTS_DIR; };
		2A832D9829FC486900894E95 /* CPU.swift */ = {isa = PBXFileReference; lastKnownFileType = sourcecode.swift; path = CPU.swift; sourceTree = "<group>"; wrapsLines = 0; };
		2A832D9A29FC489B00894E95 /* CPUTests.swift */ = {isa = PBXFileReference; lastKnownFileType = sourcecode.swift; path = CPUTests.swift; sourceTree = "<group>"; wrapsLines = 0; };
		2A832D9C29FC62D500894E95 /* Readme.md */ = {isa = PBXFileReference; lastKnownFileType = net.daringfireball.markdown; path = Readme.md; sourceTree = "<group>"; };
		2AD26A0C29FD85CB003459BB /* RosettaBoyTestPlan.xctestplan */ = {isa = PBXFileReference; lastKnownFileType = text; path = RosettaBoyTestPlan.xctestplan; sourceTree = "<group>"; };
		2AD26A0D29FD8602003459BB /* RosettaBoy.xctestplan */ = {isa = PBXFileReference; lastKnownFileType = text; name = RosettaBoy.xctestplan; path = RosettaBoyTests/RosettaBoy.xctestplan; sourceTree = "<group>"; };
/* End PBXFileReference section */

/* Begin PBXFrameworksBuildPhase section */
		2A832D6629FC483E00894E95 /* Frameworks */ = {
			isa = PBXFrameworksBuildPhase;
			buildActionMask = 2147483647;
			files = (
			);
			runOnlyForDeploymentPostprocessing = 0;
		};
		2A832D7729FC483F00894E95 /* Frameworks */ = {
			isa = PBXFrameworksBuildPhase;
			buildActionMask = 2147483647;
			files = (
			);
			runOnlyForDeploymentPostprocessing = 0;
		};
/* End PBXFrameworksBuildPhase section */

/* Begin PBXGroup section */
		2A832D6029FC483E00894E95 = {
			isa = PBXGroup;
			children = (
				2AD26A0D29FD8602003459BB /* RosettaBoy.xctestplan */,
				2A832D9C29FC62D500894E95 /* Readme.md */,
				2A832D6B29FC483E00894E95 /* RosettaBoy */,
				2A832D7D29FC483F00894E95 /* RosettaBoyTests */,
				2A832D6A29FC483E00894E95 /* Products */,
			);
			sourceTree = "<group>";
		};
		2A832D6A29FC483E00894E95 /* Products */ = {
			isa = PBXGroup;
			children = (
				2A832D6929FC483E00894E95 /* RosettaBoy.app */,
				2A832D7A29FC483F00894E95 /* RosettaBoyTests.xctest */,
			);
			name = Products;
			sourceTree = "<group>";
		};
		2A832D6B29FC483E00894E95 /* RosettaBoy */ = {
			isa = PBXGroup;
			children = (
				2A832D9729FC485200894E95 /* Source */,
				2A832D6C29FC483E00894E95 /* RosettaBoyApp.swift */,
				2A832D6E29FC483E00894E95 /* ContentView.swift */,
				2A832D7029FC483F00894E95 /* Assets.xcassets */,
				2A832D7229FC483F00894E95 /* RosettaBoy.entitlements */,
				2A832D7329FC483F00894E95 /* Preview Content */,
			);
			path = RosettaBoy;
			sourceTree = "<group>";
		};
		2A832D7329FC483F00894E95 /* Preview Content */ = {
			isa = PBXGroup;
			children = (
				2A832D7429FC483F00894E95 /* Preview Assets.xcassets */,
			);
			path = "Preview Content";
			sourceTree = "<group>";
		};
		2A832D7D29FC483F00894E95 /* RosettaBoyTests */ = {
			isa = PBXGroup;
			children = (
				2AD26A0C29FD85CB003459BB /* RosettaBoyTestPlan.xctestplan */,
				2A832D9A29FC489B00894E95 /* CPUTests.swift */,
			);
			path = RosettaBoyTests;
			sourceTree = "<group>";
		};
		2A832D9729FC485200894E95 /* Source */ = {
			isa = PBXGroup;
			children = (
				2A832D9829FC486900894E95 /* CPU.swift */,
			);
			path = Source;
			sourceTree = "<group>";
		};
/* End PBXGroup section */

/* Begin PBXNativeTarget section */
		2A832D6829FC483E00894E95 /* RosettaBoy */ = {
			isa = PBXNativeTarget;
			buildConfigurationList = 2A832D8E29FC484000894E95 /* Build configuration list for PBXNativeTarget "RosettaBoy" */;
			buildPhases = (
				2A832D6529FC483E00894E95 /* Sources */,
				2A832D6629FC483E00894E95 /* Frameworks */,
				2A832D6729FC483E00894E95 /* Resources */,
			);
			buildRules = (
			);
			dependencies = (
			);
			name = RosettaBoy;
			productName = RosettaBoy;
			productReference = 2A832D6929FC483E00894E95 /* RosettaBoy.app */;
			productType = "com.apple.product-type.application";
		};
		2A832D7929FC483F00894E95 /* RosettaBoyTests */ = {
			isa = PBXNativeTarget;
			buildConfigurationList = 2A832D9129FC484000894E95 /* Build configuration list for PBXNativeTarget "RosettaBoyTests" */;
			buildPhases = (
				2A832D7629FC483F00894E95 /* Sources */,
				2A832D7729FC483F00894E95 /* Frameworks */,
				2A832D7829FC483F00894E95 /* Resources */,
			);
			buildRules = (
			);
			dependencies = (
				2A832D7C29FC483F00894E95 /* PBXTargetDependency */,
			);
			name = RosettaBoyTests;
			productName = RosettaBoyTests;
			productReference = 2A832D7A29FC483F00894E95 /* RosettaBoyTests.xctest */;
			productType = "com.apple.product-type.bundle.unit-test";
		};
/* End PBXNativeTarget section */

/* Begin PBXProject section */
		2A832D6129FC483E00894E95 /* Project object */ = {
			isa = PBXProject;
			attributes = {
				BuildIndependentTargetsInParallel = 1;
				LastSwiftUpdateCheck = 1430;
				LastUpgradeCheck = 1430;
				TargetAttributes = {
					2A832D6829FC483E00894E95 = {
						CreatedOnToolsVersion = 14.3;
					};
					2A832D7929FC483F00894E95 = {
						CreatedOnToolsVersion = 14.3;
						TestTargetID = 2A832D6829FC483E00894E95;
					};
				};
			};
			buildConfigurationList = 2A832D6429FC483E00894E95 /* Build configuration list for PBXProject "RosettaBoy" */;
			compatibilityVersion = "Xcode 14.0";
			developmentRegion = en;
			hasScannedForEncodings = 0;
			knownRegions = (
				en,
				Base,
			);
			mainGroup = 2A832D6029FC483E00894E95;
			productRefGroup = 2A832D6A29FC483E00894E95 /* Products */;
			projectDirPath = "";
			projectRoot = "";
			targets = (
				2A832D6829FC483E00894E95 /* RosettaBoy */,
				2A832D7929FC483F00894E95 /* RosettaBoyTests */,
			);
		};
/* End PBXProject section */

/* Begin PBXResourcesBuildPhase section */
		2A832D6729FC483E00894E95 /* Resources */ = {
			isa = PBXResourcesBuildPhase;
			buildActionMask = 2147483647;
			files = (
				2A832D7529FC483F00894E95 /* Preview Assets.xcassets in Resources */,
				2A832D7129FC483F00894E95 /* Assets.xcassets in Resources */,
			);
			runOnlyForDeploymentPostprocessing = 0;
		};
		2A832D7829FC483F00894E95 /* Resources */ = {
			isa = PBXResourcesBuildPhase;
			buildActionMask = 2147483647;
			files = (
			);
			runOnlyForDeploymentPostprocessing = 0;
		};
/* End PBXResourcesBuildPhase section */

/* Begin PBXSourcesBuildPhase section */
		2A832D6529FC483E00894E95 /* Sources */ = {
			isa = PBXSourcesBuildPhase;
			buildActionMask = 2147483647;
			files = (
				2A832D6F29FC483E00894E95 /* ContentView.swift in Sources */,
				2A832D6D29FC483E00894E95 /* RosettaBoyApp.swift in Sources */,
				2A832D9929FC486900894E95 /* CPU.swift in Sources */,
			);
			runOnlyForDeploymentPostprocessing = 0;
		};
		2A832D7629FC483F00894E95 /* Sources */ = {
			isa = PBXSourcesBuildPhase;
			buildActionMask = 2147483647;
			files = (
				2A832D9B29FC489B00894E95 /* CPUTests.swift in Sources */,
			);
			runOnlyForDeploymentPostprocessing = 0;
		};
/* End PBXSourcesBuildPhase section */

/* Begin PBXTargetDependency section */
		2A832D7C29FC483F00894E95 /* PBXTargetDependency */ = {
			isa = PBXTargetDependency;
			target = 2A832D6829FC483E00894E95 /* RosettaBoy */;
			targetProxy = 2A832D7B29FC483F00894E95 /* PBXContainerItemProxy */;
		};
/* End PBXTargetDependency section */

/* Begin XCBuildConfiguration section */
		2A832D8C29FC484000894E95 /* Debug */ = {
			isa = XCBuildConfiguration;
			buildSettings = {
				ALWAYS_SEARCH_USER_PATHS = NO;
				CLANG_ANALYZER_NONNULL = YES;
				CLANG_ANALYZER_NUMBER_OBJECT_CONVERSION = YES_AGGRESSIVE;
				CLANG_CXX_LANGUAGE_STANDARD = "gnu++20";
				CLANG_ENABLE_MODULES = YES;
				CLANG_ENABLE_OBJC_ARC = YES;
				CLANG_ENABLE_OBJC_WEAK = YES;
				CLANG_WARN_BLOCK_CAPTURE_AUTORELEASING = YES;
				CLANG_WARN_BOOL_CONVERSION = YES;
				CLANG_WARN_COMMA = YES;
				CLANG_WARN_CONSTANT_CONVERSION = YES;
				CLANG_WARN_DEPRECATED_OBJC_IMPLEMENTATIONS = YES;
				CLANG_WARN_DIRECT_OBJC_ISA_USAGE = YES_ERROR;
				CLANG_WARN_DOCUMENTATION_COMMENTS = YES;
				CLANG_WARN_EMPTY_BODY = YES;
				CLANG_WARN_ENUM_CONVERSION = YES;
				CLANG_WARN_INFINITE_RECURSION = YES;
				CLANG_WARN_INT_CONVERSION = YES;
				CLANG_WARN_NON_LITERAL_NULL_CONVERSION = YES;
				CLANG_WARN_OBJC_IMPLICIT_RETAIN_SELF = YES;
				CLANG_WARN_OBJC_LITERAL_CONVERSION = YES;
				CLANG_WARN_OBJC_ROOT_CLASS = YES_ERROR;
				CLANG_WARN_QUOTED_INCLUDE_IN_FRAMEWORK_HEADER = YES;
				CLANG_WARN_RANGE_LOOP_ANALYSIS = YES;
				CLANG_WARN_STRICT_PROTOTYPES = YES;
				CLANG_WARN_SUSPICIOUS_MOVE = YES;
				CLANG_WARN_UNGUARDED_AVAILABILITY = YES_AGGRESSIVE;
				CLANG_WARN_UNREACHABLE_CODE = YES;
				CLANG_WARN__DUPLICATE_METHOD_MATCH = YES;
				COPY_PHASE_STRIP = NO;
				DEBUG_INFORMATION_FORMAT = dwarf;
				ENABLE_STRICT_OBJC_MSGSEND = YES;
				ENABLE_TESTABILITY = YES;
				GCC_C_LANGUAGE_STANDARD = gnu11;
				GCC_DYNAMIC_NO_PIC = NO;
				GCC_NO_COMMON_BLOCKS = YES;
				GCC_OPTIMIZATION_LEVEL = 0;
				GCC_PREPROCESSOR_DEFINITIONS = (
					"DEBUG=1",
					"$(inherited)",
				);
				GCC_WARN_64_TO_32_BIT_CONVERSION = YES;
				GCC_WARN_ABOUT_RETURN_TYPE = YES_ERROR;
				GCC_WARN_UNDECLARED_SELECTOR = YES;
				GCC_WARN_UNINITIALIZED_AUTOS = YES_AGGRESSIVE;
				GCC_WARN_UNUSED_FUNCTION = YES;
				GCC_WARN_UNUSED_VARIABLE = YES;
				MTL_ENABLE_DEBUG_INFO = INCLUDE_SOURCE;
				MTL_FAST_MATH = YES;
				ONLY_ACTIVE_ARCH = YES;
				SWIFT_ACTIVE_COMPILATION_CONDITIONS = DEBUG;
				SWIFT_OPTIMIZATION_LEVEL = "-Onone";
			};
			name = Debug;
		};
		2A832D8D29FC484000894E95 /* Release */ = {
			isa = XCBuildConfiguration;
			buildSettings = {
				ALWAYS_SEARCH_USER_PATHS = NO;
				CLANG_ANALYZER_NONNULL = YES;
				CLANG_ANALYZER_NUMBER_OBJECT_CONVERSION = YES_AGGRESSIVE;
				CLANG_CXX_LANGUAGE_STANDARD = "gnu++20";
				CLANG_ENABLE_MODULES = YES;
				CLANG_ENABLE_OBJC_ARC = YES;
				CLANG_ENABLE_OBJC_WEAK = YES;
				CLANG_WARN_BLOCK_CAPTURE_AUTORELEASING = YES;
				CLANG_WARN_BOOL_CONVERSION = YES;
				CLANG_WARN_COMMA = YES;
				CLANG_WARN_CONSTANT_CONVERSION = YES;
				CLANG_WARN_DEPRECATED_OBJC_IMPLEMENTATIONS = YES;
				CLANG_WARN_DIRECT_OBJC_ISA_USAGE = YES_ERROR;
				CLANG_WARN_DOCUMENTATION_COMMENTS = YES;
				CLANG_WARN_EMPTY_BODY = YES;
				CLANG_WARN_ENUM_CONVERSION = YES;
				CLANG_WARN_INFINITE_RECURSION = YES;
				CLANG_WARN_INT_CONVERSION = YES;
				CLANG_WARN_NON_LITERAL_NULL_CONVERSION = YES;
				CLANG_WARN_OBJC_IMPLICIT_RETAIN_SELF = YES;
				CLANG_WARN_OBJC_LITERAL_CONVERSION = YES;
				CLANG_WARN_OBJC_ROOT_CLASS = YES_ERROR;
				CLANG_WARN_QUOTED_INCLUDE_IN_FRAMEWORK_HEADER = YES;
				CLANG_WARN_RANGE_LOOP_ANALYSIS = YES;
				CLANG_WARN_STRICT_PROTOTYPES = YES;
				CLANG_WARN_SUSPICIOUS_MOVE = YES;
				CLANG_WARN_UNGUARDED_AVAILABILITY = YES_AGGRESSIVE;
				CLANG_WARN_UNREACHABLE_CODE = YES;
				CLANG_WARN__DUPLICATE_METHOD_MATCH = YES;
				COPY_PHASE_STRIP = NO;
				DEBUG_INFORMATION_FORMAT = "dwarf-with-dsym";
				ENABLE_NS_ASSERTIONS = NO;
				ENABLE_STRICT_OBJC_MSGSEND = YES;
				GCC_C_LANGUAGE_STANDARD = gnu11;
				GCC_NO_COMMON_BLOCKS = YES;
				GCC_WARN_64_TO_32_BIT_CONVERSION = YES;
				GCC_WARN_ABOUT_RETURN_TYPE = YES_ERROR;
				GCC_WARN_UNDECLARED_SELECTOR = YES;
				GCC_WARN_UNINITIALIZED_AUTOS = YES_AGGRESSIVE;
				GCC_WARN_UNUSED_FUNCTION = YES;
				GCC_WARN_UNUSED_VARIABLE = YES;
				MTL_ENABLE_DEBUG_INFO = NO;
				MTL_FAST_MATH = YES;
				SWIFT_COMPILATION_MODE = wholemodule;
				SWIFT_OPTIMIZATION_LEVEL = "-O";
			};
			name = Release;
		};
		2A832D8F29FC484000894E95 /* Debug */ = {
			isa = XCBuildConfiguration;
			buildSettings = {
				ASSETCATALOG_COMPILER_APPICON_NAME = AppIcon;
				ASSETCATALOG_COMPILER_GLOBAL_ACCENT_COLOR_NAME = AccentColor;
				CODE_SIGN_ENTITLEMENTS = RosettaBoy/RosettaBoy.entitlements;
				CODE_SIGN_STYLE = Automatic;
				CURRENT_PROJECT_VERSION = 1;
				DEVELOPMENT_ASSET_PATHS = "\"RosettaBoy/Preview Content\"";
				DEVELOPMENT_TEAM = GLB476Z655;
				ENABLE_HARDENED_RUNTIME = YES;
				ENABLE_PREVIEWS = YES;
				GENERATE_INFOPLIST_FILE = YES;
				"INFOPLIST_KEY_UIApplicationSceneManifest_Generation[sdk=iphoneos*]" = YES;
				"INFOPLIST_KEY_UIApplicationSceneManifest_Generation[sdk=iphonesimulator*]" = YES;
				"INFOPLIST_KEY_UIApplicationSupportsIndirectInputEvents[sdk=iphoneos*]" = YES;
				"INFOPLIST_KEY_UIApplicationSupportsIndirectInputEvents[sdk=iphonesimulator*]" = YES;
				"INFOPLIST_KEY_UILaunchScreen_Generation[sdk=iphoneos*]" = YES;
				"INFOPLIST_KEY_UILaunchScreen_Generation[sdk=iphonesimulator*]" = YES;
				"INFOPLIST_KEY_UIStatusBarStyle[sdk=iphoneos*]" = UIStatusBarStyleDefault;
				"INFOPLIST_KEY_UIStatusBarStyle[sdk=iphonesimulator*]" = UIStatusBarStyleDefault;
				INFOPLIST_KEY_UISupportedInterfaceOrientations_iPad = "UIInterfaceOrientationPortrait UIInterfaceOrientationPortraitUpsideDown UIInterfaceOrientationLandscapeLeft UIInterfaceOrientationLandscapeRight";
				INFOPLIST_KEY_UISupportedInterfaceOrientations_iPhone = "UIInterfaceOrientationPortrait UIInterfaceOrientationLandscapeLeft UIInterfaceOrientationLandscapeRight";
				IPHONEOS_DEPLOYMENT_TARGET = 16.4;
				LD_RUNPATH_SEARCH_PATHS = "@executable_path/Frameworks";
				"LD_RUNPATH_SEARCH_PATHS[sdk=macosx*]" = "@executable_path/../Frameworks";
				MACOSX_DEPLOYMENT_TARGET = 13.3;
				MARKETING_VERSION = 1.0;
				PRODUCT_BUNDLE_IDENTIFIER = com.outrowender.RosettaBoy;
				PRODUCT_NAME = "$(TARGET_NAME)";
				SDKROOT = auto;
				SUPPORTED_PLATFORMS = "iphoneos iphonesimulator macosx";
				SWIFT_EMIT_LOC_STRINGS = YES;
				SWIFT_VERSION = 5.0;
				TARGETED_DEVICE_FAMILY = "1,2";
			};
			name = Debug;
		};
		2A832D9029FC484000894E95 /* Release */ = {
			isa = XCBuildConfiguration;
			buildSettings = {
				ASSETCATALOG_COMPILER_APPICON_NAME = AppIcon;
				ASSETCATALOG_COMPILER_GLOBAL_ACCENT_COLOR_NAME = AccentColor;
				CODE_SIGN_ENTITLEMENTS = RosettaBoy/RosettaBoy.entitlements;
				CODE_SIGN_STYLE = Automatic;
				CURRENT_PROJECT_VERSION = 1;
				DEVELOPMENT_ASSET_PATHS = "\"RosettaBoy/Preview Content\"";
				DEVELOPMENT_TEAM = GLB476Z655;
				ENABLE_HARDENED_RUNTIME = YES;
				ENABLE_PREVIEWS = YES;
				GENERATE_INFOPLIST_FILE = YES;
				"INFOPLIST_KEY_UIApplicationSceneManifest_Generation[sdk=iphoneos*]" = YES;
				"INFOPLIST_KEY_UIApplicationSceneManifest_Generation[sdk=iphonesimulator*]" = YES;
				"INFOPLIST_KEY_UIApplicationSupportsIndirectInputEvents[sdk=iphoneos*]" = YES;
				"INFOPLIST_KEY_UIApplicationSupportsIndirectInputEvents[sdk=iphonesimulator*]" = YES;
				"INFOPLIST_KEY_UILaunchScreen_Generation[sdk=iphoneos*]" = YES;
				"INFOPLIST_KEY_UILaunchScreen_Generation[sdk=iphonesimulator*]" = YES;
				"INFOPLIST_KEY_UIStatusBarStyle[sdk=iphoneos*]" = UIStatusBarStyleDefault;
				"INFOPLIST_KEY_UIStatusBarStyle[sdk=iphonesimulator*]" = UIStatusBarStyleDefault;
				INFOPLIST_KEY_UISupportedInterfaceOrientations_iPad = "UIInterfaceOrientationPortrait UIInterfaceOrientationPortraitUpsideDown UIInterfaceOrientationLandscapeLeft UIInterfaceOrientationLandscapeRight";
				INFOPLIST_KEY_UISupportedInterfaceOrientations_iPhone = "UIInterfaceOrientationPortrait UIInterfaceOrientationLandscapeLeft UIInterfaceOrientationLandscapeRight";
				IPHONEOS_DEPLOYMENT_TARGET = 16.4;
				LD_RUNPATH_SEARCH_PATHS = "@executable_path/Frameworks";
				"LD_RUNPATH_SEARCH_PATHS[sdk=macosx*]" = "@executable_path/../Frameworks";
				MACOSX_DEPLOYMENT_TARGET = 13.3;
				MARKETING_VERSION = 1.0;
				PRODUCT_BUNDLE_IDENTIFIER = com.outrowender.RosettaBoy;
				PRODUCT_NAME = "$(TARGET_NAME)";
				SDKROOT = auto;
				SUPPORTED_PLATFORMS = "iphoneos iphonesimulator macosx";
				SWIFT_EMIT_LOC_STRINGS = YES;
				SWIFT_VERSION = 5.0;
				TARGETED_DEVICE_FAMILY = "1,2";
			};
			name = Release;
		};
		2A832D9229FC484000894E95 /* Debug */ = {
			isa = XCBuildConfiguration;
			buildSettings = {
				ALWAYS_EMBED_SWIFT_STANDARD_LIBRARIES = YES;
				BUNDLE_LOADER = "$(TEST_HOST)";
				CODE_SIGN_STYLE = Automatic;
				CURRENT_PROJECT_VERSION = 1;
				DEVELOPMENT_TEAM = GLB476Z655;
				GENERATE_INFOPLIST_FILE = YES;
				IPHONEOS_DEPLOYMENT_TARGET = 16.4;
				MACOSX_DEPLOYMENT_TARGET = 13.3;
				MARKETING_VERSION = 1.0;
				PRODUCT_BUNDLE_IDENTIFIER = com.outrowender.RosettaBoyTests;
				PRODUCT_NAME = "$(TARGET_NAME)";
				SDKROOT = auto;
				SUPPORTED_PLATFORMS = "iphoneos iphonesimulator macosx";
				SWIFT_EMIT_LOC_STRINGS = NO;
				SWIFT_VERSION = 5.0;
				TARGETED_DEVICE_FAMILY = "1,2";
				TEST_HOST = "$(BUILT_PRODUCTS_DIR)/RosettaBoy.app/$(BUNDLE_EXECUTABLE_FOLDER_PATH)/RosettaBoy";
			};
			name = Debug;
		};
		2A832D9329FC484000894E95 /* Release */ = {
			isa = XCBuildConfiguration;
			buildSettings = {
				ALWAYS_EMBED_SWIFT_STANDARD_LIBRARIES = YES;
				BUNDLE_LOADER = "$(TEST_HOST)";
				CODE_SIGN_STYLE = Automatic;
				CURRENT_PROJECT_VERSION = 1;
				DEVELOPMENT_TEAM = GLB476Z655;
				GENERATE_INFOPLIST_FILE = YES;
				IPHONEOS_DEPLOYMENT_TARGET = 16.4;
				MACOSX_DEPLOYMENT_TARGET = 13.3;
				MARKETING_VERSION = 1.0;
				PRODUCT_BUNDLE_IDENTIFIER = com.outrowender.RosettaBoyTests;
				PRODUCT_NAME = "$(TARGET_NAME)";
				SDKROOT = auto;
				SUPPORTED_PLATFORMS = "iphoneos iphonesimulator macosx";
				SWIFT_EMIT_LOC_STRINGS = NO;
				SWIFT_VERSION = 5.0;
				TARGETED_DEVICE_FAMILY = "1,2";
				TEST_HOST = "$(BUILT_PRODUCTS_DIR)/RosettaBoy.app/$(BUNDLE_EXECUTABLE_FOLDER_PATH)/RosettaBoy";
			};
			name = Release;
		};
/* End XCBuildConfiguration section */

/* Begin XCConfigurationList section */
		2A832D6429FC483E00894E95 /* Build configuration list for PBXProject "RosettaBoy" */ = {
			isa = XCConfigurationList;
			buildConfigurations = (
				2A832D8C29FC484000894E95 /* Debug */,
				2A832D8D29FC484000894E95 /* Release */,
			);
			defaultConfigurationIsVisible = 0;
			defaultConfigurationName = Release;
		};
		2A832D8E29FC484000894E95 /* Build configuration list for PBXNativeTarget "RosettaBoy" */ = {
			isa = XCConfigurationList;
			buildConfigurations = (
				2A832D8F29FC484000894E95 /* Debug */,
				2A832D9029FC484000894E95 /* Release */,
			);
			defaultConfigurationIsVisible = 0;
			defaultConfigurationName = Release;
		};
		2A832D9129FC484000894E95 /* Build configuration list for PBXNativeTarget "RosettaBoyTests" */ = {
			isa = XCConfigurationList;
			buildConfigurations = (
				2A832D9229FC484000894E95 /* Debug */,
				2A832D9329FC484000894E95 /* Release */,
			);
			defaultConfigurationIsVisible = 0;
			defaultConfigurationName = Release;
		};
/* End XCConfigurationList section */
	};
	rootObject = 2A832D6129FC483E00894E95 /* Project object */;
}
